
Microsoft Visual Studio Solution File, Format Version 12.00
# Visual Studio Version 17
VisualStudioVersion = 17.11.35312.102
MinimumVisualStudioVersion = 10.0.40219.1
Project("{FAE04EC0-301F-11D3-BF4B-00C04F79EFBC}") = "HospitalManagement_Assignment", "HospitalManagement_Assignment\HospitalManagement_Assignment.csproj", "{47CEE259-4A27-42B9-AADE-7DA53D0A9B06}"
EndProject
Global
	GlobalSection(SolutionConfigurationPlatforms) = preSolution
		Debug|Any CPU = Debug|Any CPU
		Release|Any CPU = Release|Any CPU
	EndGlobalSection
	GlobalSection(ProjectConfigurationPlatforms) = postSolution
		{47CEE259-4A27-42B9-AADE-7DA53D0A9B06}.Debug|Any CPU.ActiveCfg = Debug|Any CPU
		{47CEE259-4A27-42B9-AADE-7DA53D0A9B06}.Debug|Any CPU.Build.0 = Debug|Any CPU
		{47CEE259-4A27-42B9-AADE-7DA53D0A9B06}.Release|Any CPU.ActiveCfg = Release|Any CPU
		{47CEE259-4A27-42B9-AADE-7DA53D0A9B06}.Release|Any CPU.Build.0 = Release|Any CPU
	EndGlobalSection
	GlobalSection(SolutionProperties) = preSolution
		HideSolutionNode = FALSE
	EndGlobalSection
	GlobalSection(ExtensibilityGlobals) = postSolution
		SolutionGuid = {A82607D1-F3BE-42F1-922A-1F372EDF06BE}
	EndGlobalSection
EndGlobal
