
Microsoft Visual Studio Solution File, Format Version 12.00
# Visual Studio Version 17
VisualStudioVersion = 17.11.35312.102
MinimumVisualStudioVersion = 10.0.40219.1
Project("{FAE04EC0-301F-11D3-BF4B-00C04F79EFBC}") = "DailyAssignment", "DailyAssignment\DailyAssignment.csproj", "{BCB49FF9-E34B-44DD-8333-66856FCAB12E}"
EndProject
Global
	GlobalSection(SolutionConfigurationPlatforms) = preSolution
		Debug|Any CPU = Debug|Any CPU
		Release|Any CPU = Release|Any CPU
	EndGlobalSection
	GlobalSection(ProjectConfigurationPlatforms) = postSolution
		{BCB49FF9-E34B-44DD-8333-66856FCAB12E}.Debug|Any CPU.ActiveCfg = Debug|Any CPU
		{BCB49FF9-E34B-44DD-8333-66856FCAB12E}.Debug|Any CPU.Build.0 = Debug|Any CPU
		{BCB49FF9-E34B-44DD-8333-66856FCAB12E}.Release|Any CPU.ActiveCfg = Release|Any CPU
		{BCB49FF9-E34B-44DD-8333-66856FCAB12E}.Release|Any CPU.Build.0 = Release|Any CPU
	EndGlobalSection
	GlobalSection(SolutionProperties) = preSolution
		HideSolutionNode = FALSE
	EndGlobalSection
	GlobalSection(ExtensibilityGlobals) = postSolution
		SolutionGuid = {E7D2E178-A6C2-458F-AD2B-C7E0B194BBB3}
	EndGlobalSection
EndGlobal
